
Microsoft Visual Studio Solution File, Format Version 12.00
# Visual Studio Version 17
VisualStudioVersion = 17.13.35931.197 d17.13
MinimumVisualStudioVersion = 10.0.40219.1
Project("{FAE04EC0-301F-11D3-BF4B-00C04F79EFBC}") = "Tab Target by Distance", "Tab Target by Distance.csproj", "{5421251B-1058-4D19-B9F4-A17E0D7730A6}"
EndProject
Global
	GlobalSection(SolutionConfigurationPlatforms) = preSolution
		Debug|Any CPU = Debug|Any CPU
		Release|Any CPU = Release|Any CPU
	EndGlobalSection
	GlobalSection(ProjectConfigurationPlatforms) = postSolution
		{5421251B-1058-4D19-B9F4-A17E0D7730A6}.Debug|Any CPU.ActiveCfg = Debug|Any CPU
		{5421251B-1058-4D19-B9F4-A17E0D7730A6}.Debug|Any CPU.Build.0 = Debug|Any CPU
		{5421251B-1058-4D19-B9F4-A17E0D7730A6}.Release|Any CPU.ActiveCfg = Release|Any CPU
		{5421251B-1058-4D19-B9F4-A17E0D7730A6}.Release|Any CPU.Build.0 = Release|Any CPU
	EndGlobalSection
	GlobalSection(SolutionProperties) = preSolution
		HideSolutionNode = FALSE
	EndGlobalSection
	GlobalSection(ExtensibilityGlobals) = postSolution
		SolutionGuid = {0D8575DF-440B-40F5-80A9-2ED3A2CC1103}
	EndGlobalSection
EndGlobal
